
Microsoft Visual Studio Solution File, Format Version 12.00
# Blend for Visual Studio Version 17
VisualStudioVersion = 17.9.34714.143
MinimumVisualStudioVersion = 10.0.40219.1
Project("{FAE04EC0-301F-11D3-BF4B-00C04F79EFBC}") = "GCS.UI", "GCS.UI.Main\GCS.UI.Main.csproj", "{2CBC995D-12AE-412B-9F2D-1C42114DE748}"
EndProject
Project("{2150E333-8FDC-42A3-9474-1A3956D46DE8}") = "UI", "UI", "{F93C0AAE-1A8F-4686-8D0E-EA544BD20D1F}"
EndProject
Project("{2150E333-8FDC-42A3-9474-1A3956D46DE8}") = "BL", "BL", "{6EF555F5-BD04-4DDF-ABC5-1F2540ACBB05}"
EndProject
Project("{9A19103F-16F7-4668-BE54-9A1E7A4F7556}") = "GCS.CL.Net", "GCS.CL.Net\GCS.CL.Net.csproj", "{8D5423C4-A16D-4BFF-9152-FE40E386F198}"
EndProject
Project("{2150E333-8FDC-42A3-9474-1A3956D46DE8}") = "CL", "CL", "{0D3DA34B-2FFD-4A64-A0D6-930E7A5537E0}"
EndProject
Project("{FAE04EC0-301F-11D3-BF4B-00C04F79EFBC}") = "GCS.BL.Proc", "GCS.BL.Proc\GCS.BL.Proc.csproj", "{C4BC183A-55EB-4819-B44D-230905EAB51A}"
EndProject
Global
	GlobalSection(SolutionConfigurationPlatforms) = preSolution
		Debug|Any CPU = Debug|Any CPU
		Release|Any CPU = Release|Any CPU
	EndGlobalSection
	GlobalSection(ProjectConfigurationPlatforms) = postSolution
		{2CBC995D-12AE-412B-9F2D-1C42114DE748}.Debug|Any CPU.ActiveCfg = Debug|Any CPU
		{2CBC995D-12AE-412B-9F2D-1C42114DE748}.Debug|Any CPU.Build.0 = Debug|Any CPU
		{2CBC995D-12AE-412B-9F2D-1C42114DE748}.Release|Any CPU.ActiveCfg = Release|Any CPU
		{2CBC995D-12AE-412B-9F2D-1C42114DE748}.Release|Any CPU.Build.0 = Release|Any CPU
		{8D5423C4-A16D-4BFF-9152-FE40E386F198}.Debug|Any CPU.ActiveCfg = Debug|Any CPU
		{8D5423C4-A16D-4BFF-9152-FE40E386F198}.Debug|Any CPU.Build.0 = Debug|Any CPU
		{8D5423C4-A16D-4BFF-9152-FE40E386F198}.Release|Any CPU.ActiveCfg = Release|Any CPU
		{8D5423C4-A16D-4BFF-9152-FE40E386F198}.Release|Any CPU.Build.0 = Release|Any CPU
		{C4BC183A-55EB-4819-B44D-230905EAB51A}.Debug|Any CPU.ActiveCfg = Debug|Any CPU
		{C4BC183A-55EB-4819-B44D-230905EAB51A}.Debug|Any CPU.Build.0 = Debug|Any CPU
		{C4BC183A-55EB-4819-B44D-230905EAB51A}.Release|Any CPU.ActiveCfg = Release|Any CPU
		{C4BC183A-55EB-4819-B44D-230905EAB51A}.Release|Any CPU.Build.0 = Release|Any CPU
	EndGlobalSection
	GlobalSection(SolutionProperties) = preSolution
		HideSolutionNode = FALSE
	EndGlobalSection
	GlobalSection(NestedProjects) = preSolution
		{2CBC995D-12AE-412B-9F2D-1C42114DE748} = {F93C0AAE-1A8F-4686-8D0E-EA544BD20D1F}
		{8D5423C4-A16D-4BFF-9152-FE40E386F198} = {0D3DA34B-2FFD-4A64-A0D6-930E7A5537E0}
		{C4BC183A-55EB-4819-B44D-230905EAB51A} = {6EF555F5-BD04-4DDF-ABC5-1F2540ACBB05}
	EndGlobalSection
	GlobalSection(ExtensibilityGlobals) = postSolution
		SolutionGuid = {1CA6C575-6044-45BF-94D7-15F9FD1F6182}
	EndGlobalSection
EndGlobal
